
Microsoft Visual Studio Solution File, Format Version 12.00
# Visual Studio Version 16
VisualStudioVersion = 16.0.30204.135
MinimumVisualStudioVersion = 10.0.40219.1
Project("{9A19103F-16F7-4668-BE54-9A1E7A4F7556}") = "NUnit.Commons.Locale.Helpers.pt_BR", "NUnit.Commons.Locale.Helpers.pt_BR\NUnit.Commons.Locale.Helpers.pt_BR.csproj", "{CCAD88C7-2FA9-4571-97F7-20004A432BA5}"
EndProject
Project("{9A19103F-16F7-4668-BE54-9A1E7A4F7556}") = "Commons.Locale.Helpers.pt_BR", "Commons.Locale.Helpers.pt_BR\Commons.Locale.Helpers.pt_BR.csproj", "{3D06519F-9F4E-4CAF-94D4-6FBE6F7EE8B7}"
EndProject
Global
	GlobalSection(SolutionConfigurationPlatforms) = preSolution
		Debug|Any CPU = Debug|Any CPU
		Release|Any CPU = Release|Any CPU
	EndGlobalSection
	GlobalSection(ProjectConfigurationPlatforms) = postSolution
		{CCAD88C7-2FA9-4571-97F7-20004A432BA5}.Debug|Any CPU.ActiveCfg = Debug|Any CPU
		{CCAD88C7-2FA9-4571-97F7-20004A432BA5}.Debug|Any CPU.Build.0 = Debug|Any CPU
		{CCAD88C7-2FA9-4571-97F7-20004A432BA5}.Release|Any CPU.ActiveCfg = Release|Any CPU
		{CCAD88C7-2FA9-4571-97F7-20004A432BA5}.Release|Any CPU.Build.0 = Release|Any CPU
		{3D06519F-9F4E-4CAF-94D4-6FBE6F7EE8B7}.Debug|Any CPU.ActiveCfg = Debug|Any CPU
		{3D06519F-9F4E-4CAF-94D4-6FBE6F7EE8B7}.Debug|Any CPU.Build.0 = Debug|Any CPU
		{3D06519F-9F4E-4CAF-94D4-6FBE6F7EE8B7}.Release|Any CPU.ActiveCfg = Release|Any CPU
		{3D06519F-9F4E-4CAF-94D4-6FBE6F7EE8B7}.Release|Any CPU.Build.0 = Release|Any CPU
	EndGlobalSection
	GlobalSection(SolutionProperties) = preSolution
		HideSolutionNode = FALSE
	EndGlobalSection
	GlobalSection(ExtensibilityGlobals) = postSolution
		SolutionGuid = {A0D805F2-5425-4793-94D4-43680DD989A9}
	EndGlobalSection
EndGlobal
